
Microsoft Visual Studio Solution File, Format Version 12.00
# Visual Studio 14
VisualStudioVersion = 14.0.23107.0
MinimumVisualStudioVersion = 10.0.40219.1
Project("{FAE04EC0-301F-11D3-BF4B-00C04F79EFBC}") = "Jokenpo.Tests", "Jokenpo.Tests\Jokenpo.Tests.csproj", "{4DF3E904-12DE-4B8B-B0E7-DA72EE048757}"
EndProject
Project("{2150E333-8FDC-42A3-9474-1A3956D46DE8}") = "Solution Items", "Solution Items", "{1B22D355-309D-4DE7-8FF3-EB1BB52EC740}"
	ProjectSection(SolutionItems) = preProject
		..\README.md = ..\README.md
	EndProjectSection
EndProject
Project("{FAE04EC0-301F-11D3-BF4B-00C04F79EFBC}") = "Jokenpo", "..\Jokenpo\Jokenpo.csproj", "{9CAC2CEC-0799-4B7B-BCAD-9EBC38BCEC08}"
EndProject
Global
	GlobalSection(SolutionConfigurationPlatforms) = preSolution
		Debug|Any CPU = Debug|Any CPU
		Release|Any CPU = Release|Any CPU
	EndGlobalSection
	GlobalSection(ProjectConfigurationPlatforms) = postSolution
		{4DF3E904-12DE-4B8B-B0E7-DA72EE048757}.Debug|Any CPU.ActiveCfg = Debug|Any CPU
		{4DF3E904-12DE-4B8B-B0E7-DA72EE048757}.Debug|Any CPU.Build.0 = Debug|Any CPU
		{4DF3E904-12DE-4B8B-B0E7-DA72EE048757}.Release|Any CPU.ActiveCfg = Release|Any CPU
		{4DF3E904-12DE-4B8B-B0E7-DA72EE048757}.Release|Any CPU.Build.0 = Release|Any CPU
		{9CAC2CEC-0799-4B7B-BCAD-9EBC38BCEC08}.Debug|Any CPU.ActiveCfg = Debug|Any CPU
		{9CAC2CEC-0799-4B7B-BCAD-9EBC38BCEC08}.Debug|Any CPU.Build.0 = Debug|Any CPU
		{9CAC2CEC-0799-4B7B-BCAD-9EBC38BCEC08}.Release|Any CPU.ActiveCfg = Release|Any CPU
		{9CAC2CEC-0799-4B7B-BCAD-9EBC38BCEC08}.Release|Any CPU.Build.0 = Release|Any CPU
	EndGlobalSection
	GlobalSection(SolutionProperties) = preSolution
		HideSolutionNode = FALSE
	EndGlobalSection
EndGlobal
